// !$*UTF8*$!
{
	archiveVersion = 1;
	classes = {
	};
	objectVersion = 50;
	objects = {

/* Begin PBXBuildFile section */
		F02F5FCA229486A8008FB7CA /* LicenseV1Tests.swift in Sources */ = {isa = PBXBuildFile; fileRef = F02F5FC9229486A8008FB7CA /* LicenseV1Tests.swift */; };
		F02F5FCB229486A8008FB7CA /* LicenseV1Tests.swift in Sources */ = {isa = PBXBuildFile; fileRef = F02F5FC9229486A8008FB7CA /* LicenseV1Tests.swift */; };
		F02F5FCD22948990008FB7CA /* LicenseTests.swift in Sources */ = {isa = PBXBuildFile; fileRef = F02F5FCC22948990008FB7CA /* LicenseTests.swift */; };
		F02F5FCE22948990008FB7CA /* LicenseTests.swift in Sources */ = {isa = PBXBuildFile; fileRef = F02F5FCC22948990008FB7CA /* LicenseTests.swift */; };
		F02F5FD022948F17008FB7CA /* LicenseV2Tests.swift in Sources */ = {isa = PBXBuildFile; fileRef = F02F5FCF22948F17008FB7CA /* LicenseV2Tests.swift */; };
		F02F5FD122948F17008FB7CA /* LicenseV2Tests.swift in Sources */ = {isa = PBXBuildFile; fileRef = F02F5FCF22948F17008FB7CA /* LicenseV2Tests.swift */; };
		F02F5FD322949066008FB7CA /* LicenseV3Tests.swift in Sources */ = {isa = PBXBuildFile; fileRef = F02F5FD222949066008FB7CA /* LicenseV3Tests.swift */; };
		F02F5FD422949066008FB7CA /* LicenseV3Tests.swift in Sources */ = {isa = PBXBuildFile; fileRef = F02F5FD222949066008FB7CA /* LicenseV3Tests.swift */; };
		F04BBF5F228EE439007E8ADA /* Licensed.framework in Frameworks */ = {isa = PBXBuildFile; fileRef = F04BBF55228EE439007E8ADA /* Licensed.framework */; };
		F04BBF84228EE761007E8ADA /* Licensed.framework in Frameworks */ = {isa = PBXBuildFile; fileRef = F04BBF7B228EE760007E8ADA /* Licensed.framework */; };
		F04BBF95228EE884007E8ADA /* License.swift in Sources */ = {isa = PBXBuildFile; fileRef = F04BBF94228EE884007E8ADA /* License.swift */; };
		F04BBF96228EE884007E8ADA /* License.swift in Sources */ = {isa = PBXBuildFile; fileRef = F04BBF94228EE884007E8ADA /* License.swift */; };
		F04BBF9A228EE8C5007E8ADA /* LicenseV8Tests.swift in Sources */ = {isa = PBXBuildFile; fileRef = F04BBF99228EE8C5007E8ADA /* LicenseV8Tests.swift */; };
		F04BBF9B228EE8C5007E8ADA /* LicenseV8Tests.swift in Sources */ = {isa = PBXBuildFile; fileRef = F04BBF99228EE8C5007E8ADA /* LicenseV8Tests.swift */; };
		F04BBFA2228F000C007E8ADA /* Regex.framework in Frameworks */ = {isa = PBXBuildFile; fileRef = F04BBFA1228F000C007E8ADA /* Regex.framework */; };
		F058C26C22A708DD002FCEA1 /* Licensed.h in Headers */ = {isa = PBXBuildFile; fileRef = F058C26A22A708DA002FCEA1 /* Licensed.h */; settings = {ATTRIBUTES = (Public, ); }; };
		F058C26D22A708DD002FCEA1 /* Licensed.h in Headers */ = {isa = PBXBuildFile; fileRef = F058C26A22A708DA002FCEA1 /* Licensed.h */; settings = {ATTRIBUTES = (Public, ); }; };
		F09E7A4822BADC6B0025CA97 /* Regex.framework in Frameworks */ = {isa = PBXBuildFile; fileRef = F04BBF9F228EFFFE007E8ADA /* Regex.framework */; };
/* End PBXBuildFile section */

/* Begin PBXContainerItemProxy section */
		F04BBF60228EE439007E8ADA /* PBXContainerItemProxy */ = {
			isa = PBXContainerItemProxy;
			containerPortal = F04BBF4C228EE439007E8ADA /* Project object */;
			proxyType = 1;
			remoteGlobalIDString = F04BBF54228EE439007E8ADA;
			remoteInfo = Licensed;
		};
		F04BBF85228EE761007E8ADA /* PBXContainerItemProxy */ = {
			isa = PBXContainerItemProxy;
			containerPortal = F04BBF4C228EE439007E8ADA /* Project object */;
			proxyType = 1;
			remoteGlobalIDString = F04BBF7A228EE760007E8ADA;
			remoteInfo = LicensedMobile;
		};
/* End PBXContainerItemProxy section */

/* Begin PBXFileReference section */
		F02F5FC9229486A8008FB7CA /* LicenseV1Tests.swift */ = {isa = PBXFileReference; lastKnownFileType = sourcecode.swift; path = LicenseV1Tests.swift; sourceTree = "<group>"; };
		F02F5FCC22948990008FB7CA /* LicenseTests.swift */ = {isa = PBXFileReference; lastKnownFileType = sourcecode.swift; path = LicenseTests.swift; sourceTree = "<group>"; };
		F02F5FCF22948F17008FB7CA /* LicenseV2Tests.swift */ = {isa = PBXFileReference; lastKnownFileType = sourcecode.swift; path = LicenseV2Tests.swift; sourceTree = "<group>"; };
		F02F5FD222949066008FB7CA /* LicenseV3Tests.swift */ = {isa = PBXFileReference; lastKnownFileType = sourcecode.swift; path = LicenseV3Tests.swift; sourceTree = "<group>"; };
		F04BBF55228EE439007E8ADA /* Licensed.framework */ = {isa = PBXFileReference; explicitFileType = wrapper.framework; includeInIndex = 0; path = Licensed.framework; sourceTree = BUILT_PRODUCTS_DIR; };
		F04BBF5E228EE439007E8ADA /* LicensedTests.xctest */ = {isa = PBXFileReference; explicitFileType = wrapper.cfbundle; includeInIndex = 0; path = LicensedTests.xctest; sourceTree = BUILT_PRODUCTS_DIR; };
		F04BBF7B228EE760007E8ADA /* Licensed.framework */ = {isa = PBXFileReference; explicitFileType = wrapper.framework; includeInIndex = 0; path = Licensed.framework; sourceTree = BUILT_PRODUCTS_DIR; };
		F04BBF83228EE761007E8ADA /* LicensedMobileTests.xctest */ = {isa = PBXFileReference; explicitFileType = wrapper.cfbundle; includeInIndex = 0; path = LicensedMobileTests.xctest; sourceTree = BUILT_PRODUCTS_DIR; };
		F04BBF94228EE884007E8ADA /* License.swift */ = {isa = PBXFileReference; lastKnownFileType = sourcecode.swift; path = License.swift; sourceTree = "<group>"; };
		F04BBF99228EE8C5007E8ADA /* LicenseV8Tests.swift */ = {isa = PBXFileReference; lastKnownFileType = sourcecode.swift; path = LicenseV8Tests.swift; sourceTree = "<group>"; };
		F04BBF9F228EFFFE007E8ADA /* Regex.framework */ = {isa = PBXFileReference; lastKnownFileType = wrapper.framework; name = Regex.framework; path = Carthage/Build/Mac/Regex.framework; sourceTree = "<group>"; };
		F04BBFA1228F000C007E8ADA /* Regex.framework */ = {isa = PBXFileReference; lastKnownFileType = wrapper.framework; name = Regex.framework; path = Carthage/Build/iOS/Regex.framework; sourceTree = "<group>"; };
		F058C25722A6FDE0002FCEA1 /* Info.plist */ = {isa = PBXFileReference; lastKnownFileType = text.plist.xml; name = Info.plist; path = Tests/Info.plist; sourceTree = SOURCE_ROOT; };
		F058C26A22A708DA002FCEA1 /* Licensed.h */ = {isa = PBXFileReference; lastKnownFileType = sourcecode.c.h; path = Licensed.h; sourceTree = "<group>"; };
		F058C26B22A708DB002FCEA1 /* Info.plist */ = {isa = PBXFileReference; lastKnownFileType = text.plist.xml; path = Info.plist; sourceTree = "<group>"; };
		F058C28722A70BBB002FCEA1 /* README.md */ = {isa = PBXFileReference; lastKnownFileType = net.daringfireball.markdown; path = README.md; sourceTree = SOURCE_ROOT; };
		F058C28822A70BBB002FCEA1 /* Package.swift */ = {isa = PBXFileReference; lastKnownFileType = sourcecode.swift; path = Package.swift; sourceTree = SOURCE_ROOT; };
		F09E7A4622BADBF10025CA97 /* LICENSE */ = {isa = PBXFileReference; lastKnownFileType = text; path = LICENSE; sourceTree = SOURCE_ROOT; };
		F09E7A4722BADBF10025CA97 /* Cartfile */ = {isa = PBXFileReference; lastKnownFileType = text; path = Cartfile; sourceTree = SOURCE_ROOT; };
/* End PBXFileReference section */

/* Begin PBXFrameworksBuildPhase section */
		F04BBF52228EE439007E8ADA /* Frameworks */ = {
			isa = PBXFrameworksBuildPhase;
			buildActionMask = 2147483647;
			files = (
				F09E7A4822BADC6B0025CA97 /* Regex.framework in Frameworks */,
			);
			runOnlyForDeploymentPostprocessing = 0;
		};
		F04BBF5B228EE439007E8ADA /* Frameworks */ = {
			isa = PBXFrameworksBuildPhase;
			buildActionMask = 2147483647;
			files = (
				F04BBF5F228EE439007E8ADA /* Licensed.framework in Frameworks */,
			);
			runOnlyForDeploymentPostprocessing = 0;
		};
		F04BBF78228EE760007E8ADA /* Frameworks */ = {
			isa = PBXFrameworksBuildPhase;
			buildActionMask = 2147483647;
			files = (
				F04BBFA2228F000C007E8ADA /* Regex.framework in Frameworks */,
			);
			runOnlyForDeploymentPostprocessing = 0;
		};
		F04BBF80228EE761007E8ADA /* Frameworks */ = {
			isa = PBXFrameworksBuildPhase;
			buildActionMask = 2147483647;
			files = (
				F04BBF84228EE761007E8ADA /* Licensed.framework in Frameworks */,
			);
			runOnlyForDeploymentPostprocessing = 0;
		};
/* End PBXFrameworksBuildPhase section */

/* Begin PBXGroup section */
		F04BBF4B228EE439007E8ADA = {
			isa = PBXGroup;
			children = (
				F058C25522A6FD52002FCEA1 /* Sources */,
				F058C25622A6FD68002FCEA1 /* Tests */,
				F04BBF9E228EFFFE007E8ADA /* Frameworks */,
				F04BBF56228EE439007E8ADA /* Products */,
			);
			sourceTree = "<group>";
		};
		F04BBF56228EE439007E8ADA /* Products */ = {
			isa = PBXGroup;
			children = (
				F04BBF55228EE439007E8ADA /* Licensed.framework */,
				F04BBF5E228EE439007E8ADA /* LicensedTests.xctest */,
				F04BBF7B228EE760007E8ADA /* Licensed.framework */,
				F04BBF83228EE761007E8ADA /* LicensedMobileTests.xctest */,
			);
			name = Products;
			sourceTree = "<group>";
		};
		F04BBF72228EE549007E8ADA /* Supporting Files */ = {
			isa = PBXGroup;
			children = (
				F058C25722A6FDE0002FCEA1 /* Info.plist */,
			);
			name = "Supporting Files";
			path = LicensedTests;
			sourceTree = "<group>";
		};
		F04BBF9E228EFFFE007E8ADA /* Frameworks */ = {
			isa = PBXGroup;
			children = (
				F04BBFA1228F000C007E8ADA /* Regex.framework */,
				F04BBF9F228EFFFE007E8ADA /* Regex.framework */,
			);
			name = Frameworks;
			sourceTree = "<group>";
		};
		F058C25522A6FD52002FCEA1 /* Sources */ = {
			isa = PBXGroup;
			children = (
				F04BBF94228EE884007E8ADA /* License.swift */,
				F058C26922A7088A002FCEA1 /* Supporting Files */,
			);
			path = Sources;
			sourceTree = "<group>";
		};
		F058C25622A6FD68002FCEA1 /* Tests */ = {
			isa = PBXGroup;
			children = (
				F02F5FCC22948990008FB7CA /* LicenseTests.swift */,
				F02F5FC9229486A8008FB7CA /* LicenseV1Tests.swift */,
				F02F5FCF22948F17008FB7CA /* LicenseV2Tests.swift */,
				F02F5FD222949066008FB7CA /* LicenseV3Tests.swift */,
				F04BBF99228EE8C5007E8ADA /* LicenseV8Tests.swift */,
				F04BBF72228EE549007E8ADA /* Supporting Files */,
			);
			path = Tests;
			sourceTree = "<group>";
		};
		F058C26922A7088A002FCEA1 /* Supporting Files */ = {
			isa = PBXGroup;
			children = (
				F09E7A4722BADBF10025CA97 /* Cartfile */,
				F09E7A4622BADBF10025CA97 /* LICENSE */,
				F058C28822A70BBB002FCEA1 /* Package.swift */,
				F058C28722A70BBB002FCEA1 /* README.md */,
				F058C26B22A708DB002FCEA1 /* Info.plist */,
				F058C26A22A708DA002FCEA1 /* Licensed.h */,
			);
			name = "Supporting Files";
			sourceTree = "<group>";
		};
/* End PBXGroup section */

/* Begin PBXHeadersBuildPhase section */
		F04BBF50228EE439007E8ADA /* Headers */ = {
			isa = PBXHeadersBuildPhase;
			buildActionMask = 2147483647;
			files = (
				F058C26C22A708DD002FCEA1 /* Licensed.h in Headers */,
			);
			runOnlyForDeploymentPostprocessing = 0;
		};
		F04BBF76228EE760007E8ADA /* Headers */ = {
			isa = PBXHeadersBuildPhase;
			buildActionMask = 2147483647;
			files = (
				F058C26D22A708DD002FCEA1 /* Licensed.h in Headers */,
			);
			runOnlyForDeploymentPostprocessing = 0;
		};
/* End PBXHeadersBuildPhase section */

/* Begin PBXNativeTarget section */
		F04BBF54228EE439007E8ADA /* Licensed */ = {
			isa = PBXNativeTarget;
			buildConfigurationList = F04BBF69228EE439007E8ADA /* Build configuration list for PBXNativeTarget "Licensed" */;
			buildPhases = (
				F04BBF50228EE439007E8ADA /* Headers */,
				F04BBF51228EE439007E8ADA /* Sources */,
				F04BBF52228EE439007E8ADA /* Frameworks */,
				F04BBF53228EE439007E8ADA /* Resources */,
			);
			buildRules = (
			);
			dependencies = (
			);
			name = Licensed;
			productName = Licensed;
			productReference = F04BBF55228EE439007E8ADA /* Licensed.framework */;
			productType = "com.apple.product-type.framework";
		};
		F04BBF5D228EE439007E8ADA /* LicensedTests */ = {
			isa = PBXNativeTarget;
			buildConfigurationList = F04BBF6C228EE439007E8ADA /* Build configuration list for PBXNativeTarget "LicensedTests" */;
			buildPhases = (
				F04BBF5A228EE439007E8ADA /* Sources */,
				F04BBF5B228EE439007E8ADA /* Frameworks */,
				F04BBF5C228EE439007E8ADA /* Resources */,
			);
			buildRules = (
			);
			dependencies = (
				F04BBF61228EE439007E8ADA /* PBXTargetDependency */,
			);
			name = LicensedTests;
			productName = LicensedTests;
			productReference = F04BBF5E228EE439007E8ADA /* LicensedTests.xctest */;
			productType = "com.apple.product-type.bundle.unit-test";
		};
		F04BBF7A228EE760007E8ADA /* LicensedMobile */ = {
			isa = PBXNativeTarget;
			buildConfigurationList = F04BBF8C228EE761007E8ADA /* Build configuration list for PBXNativeTarget "LicensedMobile" */;
			buildPhases = (
				F04BBF76228EE760007E8ADA /* Headers */,
				F04BBF77228EE760007E8ADA /* Sources */,
				F04BBF78228EE760007E8ADA /* Frameworks */,
				F04BBF79228EE760007E8ADA /* Resources */,
			);
			buildRules = (
			);
			dependencies = (
			);
			name = LicensedMobile;
			productName = LicensedMobile;
			productReference = F04BBF7B228EE760007E8ADA /* Licensed.framework */;
			productType = "com.apple.product-type.framework";
		};
		F04BBF82228EE761007E8ADA /* LicensedMobileTests */ = {
			isa = PBXNativeTarget;
			buildConfigurationList = F04BBF8F228EE761007E8ADA /* Build configuration list for PBXNativeTarget "LicensedMobileTests" */;
			buildPhases = (
				F04BBF7F228EE761007E8ADA /* Sources */,
				F04BBF80228EE761007E8ADA /* Frameworks */,
				F04BBF81228EE761007E8ADA /* Resources */,
			);
			buildRules = (
			);
			dependencies = (
				F04BBF86228EE761007E8ADA /* PBXTargetDependency */,
			);
			name = LicensedMobileTests;
			productName = LicensedMobileTests;
			productReference = F04BBF83228EE761007E8ADA /* LicensedMobileTests.xctest */;
			productType = "com.apple.product-type.bundle.unit-test";
		};
/* End PBXNativeTarget section */

/* Begin PBXProject section */
		F04BBF4C228EE439007E8ADA /* Project object */ = {
			isa = PBXProject;
			attributes = {
				LastSwiftUpdateCheck = 1020;
				LastUpgradeCheck = 1020;
				ORGANIZATIONNAME = "Infinite Token";
				TargetAttributes = {
					F04BBF54228EE439007E8ADA = {
						CreatedOnToolsVersion = 10.2.1;
						LastSwiftMigration = 1020;
					};
					F04BBF5D228EE439007E8ADA = {
						CreatedOnToolsVersion = 10.2.1;
						LastSwiftMigration = 1020;
					};
					F04BBF7A228EE760007E8ADA = {
						CreatedOnToolsVersion = 10.2.1;
						LastSwiftMigration = 1020;
					};
					F04BBF82228EE761007E8ADA = {
						CreatedOnToolsVersion = 10.2.1;
						LastSwiftMigration = 1020;
					};
				};
			};
			buildConfigurationList = F04BBF4F228EE439007E8ADA /* Build configuration list for PBXProject "Licensed" */;
			compatibilityVersion = "Xcode 9.3";
			developmentRegion = en;
			hasScannedForEncodings = 0;
			knownRegions = (
				en,
			);
			mainGroup = F04BBF4B228EE439007E8ADA;
			productRefGroup = F04BBF56228EE439007E8ADA /* Products */;
			projectDirPath = "";
			projectRoot = "";
			targets = (
				F04BBF54228EE439007E8ADA /* Licensed */,
				F04BBF5D228EE439007E8ADA /* LicensedTests */,
				F04BBF7A228EE760007E8ADA /* LicensedMobile */,
				F04BBF82228EE761007E8ADA /* LicensedMobileTests */,
			);
		};
/* End PBXProject section */

/* Begin PBXResourcesBuildPhase section */
		F04BBF53228EE439007E8ADA /* Resources */ = {
			isa = PBXResourcesBuildPhase;
			buildActionMask = 2147483647;
			files = (
			);
			runOnlyForDeploymentPostprocessing = 0;
		};
		F04BBF5C228EE439007E8ADA /* Resources */ = {
			isa = PBXResourcesBuildPhase;
			buildActionMask = 2147483647;
			files = (
			);
			runOnlyForDeploymentPostprocessing = 0;
		};
		F04BBF79228EE760007E8ADA /* Resources */ = {
			isa = PBXResourcesBuildPhase;
			buildActionMask = 2147483647;
			files = (
			);
			runOnlyForDeploymentPostprocessing = 0;
		};
		F04BBF81228EE761007E8ADA /* Resources */ = {
			isa = PBXResourcesBuildPhase;
			buildActionMask = 2147483647;
			files = (
			);
			runOnlyForDeploymentPostprocessing = 0;
		};
/* End PBXResourcesBuildPhase section */

/* Begin PBXSourcesBuildPhase section */
		F04BBF51228EE439007E8ADA /* Sources */ = {
			isa = PBXSourcesBuildPhase;
			buildActionMask = 2147483647;
			files = (
				F04BBF95228EE884007E8ADA /* License.swift in Sources */,
			);
			runOnlyForDeploymentPostprocessing = 0;
		};
		F04BBF5A228EE439007E8ADA /* Sources */ = {
			isa = PBXSourcesBuildPhase;
			buildActionMask = 2147483647;
			files = (
				F02F5FCA229486A8008FB7CA /* LicenseV1Tests.swift in Sources */,
				F02F5FD322949066008FB7CA /* LicenseV3Tests.swift in Sources */,
				F02F5FD022948F17008FB7CA /* LicenseV2Tests.swift in Sources */,
				F04BBF9A228EE8C5007E8ADA /* LicenseV8Tests.swift in Sources */,
				F02F5FCD22948990008FB7CA /* LicenseTests.swift in Sources */,
			);
			runOnlyForDeploymentPostprocessing = 0;
		};
		F04BBF77228EE760007E8ADA /* Sources */ = {
			isa = PBXSourcesBuildPhase;
			buildActionMask = 2147483647;
			files = (
				F04BBF96228EE884007E8ADA /* License.swift in Sources */,
			);
			runOnlyForDeploymentPostprocessing = 0;
		};
		F04BBF7F228EE761007E8ADA /* Sources */ = {
			isa = PBXSourcesBuildPhase;
			buildActionMask = 2147483647;
			files = (
				F02F5FCB229486A8008FB7CA /* LicenseV1Tests.swift in Sources */,
				F02F5FD422949066008FB7CA /* LicenseV3Tests.swift in Sources */,
				F02F5FD122948F17008FB7CA /* LicenseV2Tests.swift in Sources */,
				F04BBF9B228EE8C5007E8ADA /* LicenseV8Tests.swift in Sources */,
				F02F5FCE22948990008FB7CA /* LicenseTests.swift in Sources */,
			);
			runOnlyForDeploymentPostprocessing = 0;
		};
/* End PBXSourcesBuildPhase section */

/* Begin PBXTargetDependency section */
		F04BBF61228EE439007E8ADA /* PBXTargetDependency */ = {
			isa = PBXTargetDependency;
			target = F04BBF54228EE439007E8ADA /* Licensed */;
			targetProxy = F04BBF60228EE439007E8ADA /* PBXContainerItemProxy */;
		};
		F04BBF86228EE761007E8ADA /* PBXTargetDependency */ = {
			isa = PBXTargetDependency;
			target = F04BBF7A228EE760007E8ADA /* LicensedMobile */;
			targetProxy = F04BBF85228EE761007E8ADA /* PBXContainerItemProxy */;
		};
/* End PBXTargetDependency section */

/* Begin XCBuildConfiguration section */
		F04BBF67228EE439007E8ADA /* Debug */ = {
			isa = XCBuildConfiguration;
			buildSettings = {
				ALWAYS_SEARCH_USER_PATHS = NO;
				CLANG_ANALYZER_NONNULL = YES;
				CLANG_ANALYZER_NUMBER_OBJECT_CONVERSION = YES_AGGRESSIVE;
				CLANG_CXX_LANGUAGE_STANDARD = "gnu++14";
				CLANG_CXX_LIBRARY = "libc++";
				CLANG_ENABLE_MODULES = YES;
				CLANG_ENABLE_OBJC_ARC = YES;
				CLANG_ENABLE_OBJC_WEAK = YES;
				CLANG_WARN_BLOCK_CAPTURE_AUTORELEASING = YES;
				CLANG_WARN_BOOL_CONVERSION = YES;
				CLANG_WARN_COMMA = YES;
				CLANG_WARN_CONSTANT_CONVERSION = YES;
				CLANG_WARN_DEPRECATED_OBJC_IMPLEMENTATIONS = YES;
				CLANG_WARN_DIRECT_OBJC_ISA_USAGE = YES_ERROR;
				CLANG_WARN_DOCUMENTATION_COMMENTS = YES;
				CLANG_WARN_EMPTY_BODY = YES;
				CLANG_WARN_ENUM_CONVERSION = YES;
				CLANG_WARN_INFINITE_RECURSION = YES;
				CLANG_WARN_INT_CONVERSION = YES;
				CLANG_WARN_NON_LITERAL_NULL_CONVERSION = YES;
				CLANG_WARN_OBJC_IMPLICIT_RETAIN_SELF = YES;
				CLANG_WARN_OBJC_LITERAL_CONVERSION = YES;
				CLANG_WARN_OBJC_ROOT_CLASS = YES_ERROR;
				CLANG_WARN_RANGE_LOOP_ANALYSIS = YES;
				CLANG_WARN_STRICT_PROTOTYPES = YES;
				CLANG_WARN_SUSPICIOUS_MOVE = YES;
				CLANG_WARN_UNGUARDED_AVAILABILITY = YES_AGGRESSIVE;
				CLANG_WARN_UNREACHABLE_CODE = YES;
				CLANG_WARN__DUPLICATE_METHOD_MATCH = YES;
				CODE_SIGN_IDENTITY = "Mac Developer";
				COPY_PHASE_STRIP = NO;
				CURRENT_PROJECT_VERSION = 1;
				DEBUG_INFORMATION_FORMAT = dwarf;
				ENABLE_STRICT_OBJC_MSGSEND = YES;
				ENABLE_TESTABILITY = YES;
				GCC_C_LANGUAGE_STANDARD = gnu11;
				GCC_DYNAMIC_NO_PIC = NO;
				GCC_NO_COMMON_BLOCKS = YES;
				GCC_OPTIMIZATION_LEVEL = 0;
				GCC_PREPROCESSOR_DEFINITIONS = (
					"DEBUG=1",
					"$(inherited)",
				);
				GCC_WARN_64_TO_32_BIT_CONVERSION = YES;
				GCC_WARN_ABOUT_RETURN_TYPE = YES_ERROR;
				GCC_WARN_UNDECLARED_SELECTOR = YES;
				GCC_WARN_UNINITIALIZED_AUTOS = YES_AGGRESSIVE;
				GCC_WARN_UNUSED_FUNCTION = YES;
				GCC_WARN_UNUSED_VARIABLE = YES;
				IPHONEOS_DEPLOYMENT_TARGET = 10.0;
				MACOSX_DEPLOYMENT_TARGET = 10.12;
				MTL_ENABLE_DEBUG_INFO = INCLUDE_SOURCE;
				MTL_FAST_MATH = YES;
				ONLY_ACTIVE_ARCH = YES;
				SDKROOT = macosx;
				SWIFT_ACTIVE_COMPILATION_CONDITIONS = DEBUG;
				SWIFT_OPTIMIZATION_LEVEL = "-Onone";
				VERSIONING_SYSTEM = "apple-generic";
				VERSION_INFO_PREFIX = "";
			};
			name = Debug;
		};
		F04BBF68228EE439007E8ADA /* Release */ = {
			isa = XCBuildConfiguration;
			buildSettings = {
				ALWAYS_SEARCH_USER_PATHS = NO;
				CLANG_ANALYZER_NONNULL = YES;
				CLANG_ANALYZER_NUMBER_OBJECT_CONVERSION = YES_AGGRESSIVE;
				CLANG_CXX_LANGUAGE_STANDARD = "gnu++14";
				CLANG_CXX_LIBRARY = "libc++";
				CLANG_ENABLE_MODULES = YES;
				CLANG_ENABLE_OBJC_ARC = YES;
				CLANG_ENABLE_OBJC_WEAK = YES;
				CLANG_WARN_BLOCK_CAPTURE_AUTORELEASING = YES;
				CLANG_WARN_BOOL_CONVERSION = YES;
				CLANG_WARN_COMMA = YES;
				CLANG_WARN_CONSTANT_CONVERSION = YES;
				CLANG_WARN_DEPRECATED_OBJC_IMPLEMENTATIONS = YES;
				CLANG_WARN_DIRECT_OBJC_ISA_USAGE = YES_ERROR;
				CLANG_WARN_DOCUMENTATION_COMMENTS = YES;
				CLANG_WARN_EMPTY_BODY = YES;
				CLANG_WARN_ENUM_CONVERSION = YES;
				CLANG_WARN_INFINITE_RECURSION = YES;
				CLANG_WARN_INT_CONVERSION = YES;
				CLANG_WARN_NON_LITERAL_NULL_CONVERSION = YES;
				CLANG_WARN_OBJC_IMPLICIT_RETAIN_SELF = YES;
				CLANG_WARN_OBJC_LITERAL_CONVERSION = YES;
				CLANG_WARN_OBJC_ROOT_CLASS = YES_ERROR;
				CLANG_WARN_RANGE_LOOP_ANALYSIS = YES;
				CLANG_WARN_STRICT_PROTOTYPES = YES;
				CLANG_WARN_SUSPICIOUS_MOVE = YES;
				CLANG_WARN_UNGUARDED_AVAILABILITY = YES_AGGRESSIVE;
				CLANG_WARN_UNREACHABLE_CODE = YES;
				CLANG_WARN__DUPLICATE_METHOD_MATCH = YES;
				CODE_SIGN_IDENTITY = "Mac Developer";
				COPY_PHASE_STRIP = NO;
				CURRENT_PROJECT_VERSION = 1;
				DEBUG_INFORMATION_FORMAT = "dwarf-with-dsym";
				ENABLE_NS_ASSERTIONS = NO;
				ENABLE_STRICT_OBJC_MSGSEND = YES;
				GCC_C_LANGUAGE_STANDARD = gnu11;
				GCC_NO_COMMON_BLOCKS = YES;
				GCC_WARN_64_TO_32_BIT_CONVERSION = YES;
				GCC_WARN_ABOUT_RETURN_TYPE = YES_ERROR;
				GCC_WARN_UNDECLARED_SELECTOR = YES;
				GCC_WARN_UNINITIALIZED_AUTOS = YES_AGGRESSIVE;
				GCC_WARN_UNUSED_FUNCTION = YES;
				GCC_WARN_UNUSED_VARIABLE = YES;
				IPHONEOS_DEPLOYMENT_TARGET = 10.0;
				MACOSX_DEPLOYMENT_TARGET = 10.12;
				MTL_ENABLE_DEBUG_INFO = NO;
				MTL_FAST_MATH = YES;
				SDKROOT = macosx;
				SWIFT_COMPILATION_MODE = wholemodule;
				SWIFT_OPTIMIZATION_LEVEL = "-O";
				VERSIONING_SYSTEM = "apple-generic";
				VERSION_INFO_PREFIX = "";
			};
			name = Release;
		};
		F04BBF6A228EE439007E8ADA /* Debug */ = {
			isa = XCBuildConfiguration;
			buildSettings = {
				CLANG_ENABLE_MODULES = YES;
				CODE_SIGN_IDENTITY = "";
				CODE_SIGN_STYLE = Automatic;
				COMBINE_HIDPI_IMAGES = YES;
				DEFINES_MODULE = YES;
				DEVELOPMENT_TEAM = 6J8NCZC8G6;
				DYLIB_COMPATIBILITY_VERSION = 1;
				DYLIB_CURRENT_VERSION = 1;
				DYLIB_INSTALL_NAME_BASE = "@rpath";
				FRAMEWORK_SEARCH_PATHS = (
					"$(inherited)",
					"$(PROJECT_DIR)/Carthage/Build/Mac",
				);
				FRAMEWORK_VERSION = A;
				INFOPLIST_FILE = "$(SRCROOT)/Sources/Info.plist";
				INSTALL_PATH = "$(LOCAL_LIBRARY_DIR)/Frameworks";
				LD_RUNPATH_SEARCH_PATHS = (
					"$(inherited)",
					"@executable_path/../Frameworks",
					"@loader_path/Frameworks",
				);
				PRODUCT_BUNDLE_IDENTIFIER = com.infinitetoken.Licensed;
				PRODUCT_NAME = "$(TARGET_NAME:c99extidentifier)";
				SKIP_INSTALL = YES;
				SWIFT_OPTIMIZATION_LEVEL = "-Onone";
				SWIFT_VERSION = 5.0;
			};
			name = Debug;
		};
		F04BBF6B228EE439007E8ADA /* Release */ = {
			isa = XCBuildConfiguration;
			buildSettings = {
				CLANG_ENABLE_MODULES = YES;
				CODE_SIGN_IDENTITY = "";
				CODE_SIGN_STYLE = Automatic;
				COMBINE_HIDPI_IMAGES = YES;
				DEFINES_MODULE = YES;
				DEVELOPMENT_TEAM = 6J8NCZC8G6;
				DYLIB_COMPATIBILITY_VERSION = 1;
				DYLIB_CURRENT_VERSION = 1;
				DYLIB_INSTALL_NAME_BASE = "@rpath";
				FRAMEWORK_SEARCH_PATHS = (
					"$(inherited)",
					"$(PROJECT_DIR)/Carthage/Build/Mac",
				);
				FRAMEWORK_VERSION = A;
				INFOPLIST_FILE = "$(SRCROOT)/Sources/Info.plist";
				INSTALL_PATH = "$(LOCAL_LIBRARY_DIR)/Frameworks";
				LD_RUNPATH_SEARCH_PATHS = (
					"$(inherited)",
					"@executable_path/../Frameworks",
					"@loader_path/Frameworks",
				);
				PRODUCT_BUNDLE_IDENTIFIER = com.infinitetoken.Licensed;
				PRODUCT_NAME = "$(TARGET_NAME:c99extidentifier)";
				SKIP_INSTALL = YES;
				SWIFT_VERSION = 5.0;
			};
			name = Release;
		};
		F04BBF6D228EE439007E8ADA /* Debug */ = {
			isa = XCBuildConfiguration;
			buildSettings = {
				ALWAYS_EMBED_SWIFT_STANDARD_LIBRARIES = YES;
				CLANG_ENABLE_MODULES = YES;
				CODE_SIGN_STYLE = Automatic;
				COMBINE_HIDPI_IMAGES = YES;
				DEVELOPMENT_TEAM = 6J8NCZC8G6;
				FRAMEWORK_SEARCH_PATHS = (
					"$(inherited)",
					"$(PROJECT_DIR)/Carthage/Build/Mac",
				);
				INFOPLIST_FILE = Tests/Info.plist;
				LD_RUNPATH_SEARCH_PATHS = (
					"$(inherited)",
					"@executable_path/../Frameworks",
					"@loader_path/../Frameworks",
					"$(FRAMEWORK_SEARCH_PATHS)",
				);
				PRODUCT_BUNDLE_IDENTIFIER = com.infinitetoken.LicensedTests;
				PRODUCT_NAME = "$(TARGET_NAME)";
				SWIFT_OPTIMIZATION_LEVEL = "-Onone";
				SWIFT_VERSION = 5.0;
			};
			name = Debug;
		};
		F04BBF6E228EE439007E8ADA /* Release */ = {
			isa = XCBuildConfiguration;
			buildSettings = {
				ALWAYS_EMBED_SWIFT_STANDARD_LIBRARIES = YES;
				CLANG_ENABLE_MODULES = YES;
				CODE_SIGN_STYLE = Automatic;
				COMBINE_HIDPI_IMAGES = YES;
				DEVELOPMENT_TEAM = 6J8NCZC8G6;
				FRAMEWORK_SEARCH_PATHS = (
					"$(inherited)",
					"$(PROJECT_DIR)/Carthage/Build/Mac",
				);
				INFOPLIST_FILE = Tests/Info.plist;
				LD_RUNPATH_SEARCH_PATHS = (
					"$(inherited)",
					"@executable_path/../Frameworks",
					"@loader_path/../Frameworks",
					"$(FRAMEWORK_SEARCH_PATHS)",
				);
				PRODUCT_BUNDLE_IDENTIFIER = com.infinitetoken.LicensedTests;
				PRODUCT_NAME = "$(TARGET_NAME)";
				SWIFT_VERSION = 5.0;
			};
			name = Release;
		};
		F04BBF8D228EE761007E8ADA /* Debug */ = {
			isa = XCBuildConfiguration;
			buildSettings = {
				CLANG_ENABLE_MODULES = YES;
				CODE_SIGN_IDENTITY = "iPhone Developer";
				CODE_SIGN_STYLE = Automatic;
				DEFINES_MODULE = YES;
				DEVELOPMENT_TEAM = 6J8NCZC8G6;
				DYLIB_COMPATIBILITY_VERSION = 1;
				DYLIB_CURRENT_VERSION = 1;
				DYLIB_INSTALL_NAME_BASE = "@rpath";
				FRAMEWORK_SEARCH_PATHS = (
					"$(inherited)",
					"$(PROJECT_DIR)/Carthage/Build/iOS",
				);
				INFOPLIST_FILE = "$(SRCROOT)/Sources/Info.plist";
				INSTALL_PATH = "$(LOCAL_LIBRARY_DIR)/Frameworks";
				LD_RUNPATH_SEARCH_PATHS = (
					"$(inherited)",
					"@executable_path/Frameworks",
					"@loader_path/Frameworks",
				);
				PRODUCT_BUNDLE_IDENTIFIER = com.infinitetoken.LicensedMobile;
				PRODUCT_NAME = Licensed;
				SDKROOT = iphoneos;
				SKIP_INSTALL = YES;
				SWIFT_OPTIMIZATION_LEVEL = "-Onone";
				SWIFT_VERSION = 5.0;
				TARGETED_DEVICE_FAMILY = "1,2";
			};
			name = Debug;
		};
		F04BBF8E228EE761007E8ADA /* Release */ = {
			isa = XCBuildConfiguration;
			buildSettings = {
				CLANG_ENABLE_MODULES = YES;
				CODE_SIGN_IDENTITY = "iPhone Developer";
				CODE_SIGN_STYLE = Automatic;
				DEFINES_MODULE = YES;
				DEVELOPMENT_TEAM = 6J8NCZC8G6;
				DYLIB_COMPATIBILITY_VERSION = 1;
				DYLIB_CURRENT_VERSION = 1;
				DYLIB_INSTALL_NAME_BASE = "@rpath";
				FRAMEWORK_SEARCH_PATHS = (
					"$(inherited)",
					"$(PROJECT_DIR)/Carthage/Build/iOS",
				);
				INFOPLIST_FILE = "$(SRCROOT)/Sources/Info.plist";
				INSTALL_PATH = "$(LOCAL_LIBRARY_DIR)/Frameworks";
				LD_RUNPATH_SEARCH_PATHS = (
					"$(inherited)",
					"@executable_path/Frameworks",
					"@loader_path/Frameworks",
				);
				PRODUCT_BUNDLE_IDENTIFIER = com.infinitetoken.LicensedMobile;
				PRODUCT_NAME = Licensed;
				SDKROOT = iphoneos;
				SKIP_INSTALL = YES;
				SWIFT_VERSION = 5.0;
				TARGETED_DEVICE_FAMILY = "1,2";
				VALIDATE_PRODUCT = YES;
			};
			name = Release;
		};
		F04BBF90228EE761007E8ADA /* Debug */ = {
			isa = XCBuildConfiguration;
			buildSettings = {
				ALWAYS_EMBED_SWIFT_STANDARD_LIBRARIES = YES;
				CLANG_ENABLE_MODULES = YES;
				CODE_SIGN_IDENTITY = "iPhone Developer";
				CODE_SIGN_STYLE = Automatic;
				DEVELOPMENT_TEAM = 6J8NCZC8G6;
				FRAMEWORK_SEARCH_PATHS = (
					"$(inherited)",
					"$(PROJECT_DIR)/Carthage/Build/iOS",
				);
				INFOPLIST_FILE = Tests/Info.plist;
				IPHONEOS_DEPLOYMENT_TARGET = 12.2;
				LD_RUNPATH_SEARCH_PATHS = (
					"$(inherited)",
					"@executable_path/Frameworks",
					"@loader_path/Frameworks",
					"$(FRAMEWORK_SEARCH_PATHS)",
				);
				PRODUCT_BUNDLE_IDENTIFIER = com.infinitetoken.LicensedMobileTests;
				PRODUCT_NAME = "$(TARGET_NAME)";
				SDKROOT = iphoneos;
				SWIFT_OPTIMIZATION_LEVEL = "-Onone";
				SWIFT_VERSION = 5.0;
				TARGETED_DEVICE_FAMILY = "1,2";
			};
			name = Debug;
		};
		F04BBF91228EE761007E8ADA /* Release */ = {
			isa = XCBuildConfiguration;
			buildSettings = {
				ALWAYS_EMBED_SWIFT_STANDARD_LIBRARIES = YES;
				CLANG_ENABLE_MODULES = YES;
				CODE_SIGN_IDENTITY = "iPhone Developer";
				CODE_SIGN_STYLE = Automatic;
				DEVELOPMENT_TEAM = 6J8NCZC8G6;
				FRAMEWORK_SEARCH_PATHS = (
					"$(inherited)",
					"$(PROJECT_DIR)/Carthage/Build/iOS",
				);
				INFOPLIST_FILE = Tests/Info.plist;
				IPHONEOS_DEPLOYMENT_TARGET = 12.2;
				LD_RUNPATH_SEARCH_PATHS = (
					"$(inherited)",
					"@executable_path/Frameworks",
					"@loader_path/Frameworks",
					"$(FRAMEWORK_SEARCH_PATHS)",
				);
				PRODUCT_BUNDLE_IDENTIFIER = com.infinitetoken.LicensedMobileTests;
				PRODUCT_NAME = "$(TARGET_NAME)";
				SDKROOT = iphoneos;
				SWIFT_VERSION = 5.0;
				TARGETED_DEVICE_FAMILY = "1,2";
				VALIDATE_PRODUCT = YES;
			};
			name = Release;
		};
/* End XCBuildConfiguration section */

/* Begin XCConfigurationList section */
		F04BBF4F228EE439007E8ADA /* Build configuration list for PBXProject "Licensed" */ = {
			isa = XCConfigurationList;
			buildConfigurations = (
				F04BBF67228EE439007E8ADA /* Debug */,
				F04BBF68228EE439007E8ADA /* Release */,
			);
			defaultConfigurationIsVisible = 0;
			defaultConfigurationName = Release;
		};
		F04BBF69228EE439007E8ADA /* Build configuration list for PBXNativeTarget "Licensed" */ = {
			isa = XCConfigurationList;
			buildConfigurations = (
				F04BBF6A228EE439007E8ADA /* Debug */,
				F04BBF6B228EE439007E8ADA /* Release */,
			);
			defaultConfigurationIsVisible = 0;
			defaultConfigurationName = Release;
		};
		F04BBF6C228EE439007E8ADA /* Build configuration list for PBXNativeTarget "LicensedTests" */ = {
			isa = XCConfigurationList;
			buildConfigurations = (
				F04BBF6D228EE439007E8ADA /* Debug */,
				F04BBF6E228EE439007E8ADA /* Release */,
			);
			defaultConfigurationIsVisible = 0;
			defaultConfigurationName = Release;
		};
		F04BBF8C228EE761007E8ADA /* Build configuration list for PBXNativeTarget "LicensedMobile" */ = {
			isa = XCConfigurationList;
			buildConfigurations = (
				F04BBF8D228EE761007E8ADA /* Debug */,
				F04BBF8E228EE761007E8ADA /* Release */,
			);
			defaultConfigurationIsVisible = 0;
			defaultConfigurationName = Release;
		};
		F04BBF8F228EE761007E8ADA /* Build configuration list for PBXNativeTarget "LicensedMobileTests" */ = {
			isa = XCConfigurationList;
			buildConfigurations = (
				F04BBF90228EE761007E8ADA /* Debug */,
				F04BBF91228EE761007E8ADA /* Release */,
			);
			defaultConfigurationIsVisible = 0;
			defaultConfigurationName = Release;
		};
/* End XCConfigurationList section */
	};
	rootObject = F04BBF4C228EE439007E8ADA /* Project object */;
}
